{
    "_readme": [
        "This file locks the dependencies of your project to a known state",
        "Read more about it at https://getcomposer.org/doc/01-basic-usage.md#installing-dependencies",
        "This file is @generated automatically"
    ],
    "content-hash": "bbce69088b89af68747f5767fa55dc55",
    "packages": [
        {
            "name": "lychee/message",
            "version": "v0.1.2",
            "source": {
                "type": "git",
                "url": "https://github.com/LycheeCode/Message.git",
                "reference": "6d48e80a465c70ddd0b1d4f045c0742370e72198"
            },
            "dist": {
                "type": "zip",
                "url": "https://api.github.com/repos/LycheeCode/Message/zipball/6d48e80a465c70ddd0b1d4f045c0742370e72198",
                "reference": "6d48e80a465c70ddd0b1d4f045c0742370e72198",
                "shasum": ""
            },
            "type": "library",
            "autoload": {
                "psr-4": {
                    "Lychee\\Message\\": "src/"
                }
            },
            "notification-url": "https://packagist.org/downloads/",
            "license": [
                "MIT"
            ],
            "authors": [
                {
                    "name": "Y!an",
                    "email": "i@yian.me"
                }
            ],
            "description": "Wechat message data object model",
            "time": "2018-06-25T15:48:13+00:00"
        }
    ],
    "packages-dev": [],
    "aliases": [],
    "minimum-stability": "stable",
    "stability-flags": [],
    "prefer-stable": false,
    "prefer-lowest": false,
    "platform": [],
    "platform-dev": []
}
